
Microsoft Visual Studio Solution File, Format Version 12.00
# Visual Studio 2013
Project("{FAE04EC0-301F-11D3-BF4B-00C04F79EFBC}") = "xyhyGame_truck_02.CSharp.Plugins", "xyhyGame_truck_02.CSharp.Plugins.csproj", "{953534B1-3F3F-8063-BFBA-E830214C17B3}"
EndProject
Project("{FAE04EC0-301F-11D3-BF4B-00C04F79EFBC}") = "xyhyGame_truck_02.CSharp", "xyhyGame_truck_02.CSharp.csproj", "{534F3EDB-159D-952C-9A07-46002FFFE4BD}"
EndProject
Project("{FAE04EC0-301F-11D3-BF4B-00C04F79EFBC}") = "xyhyGame_truck_02.CSharp.Editor", "xyhyGame_truck_02.CSharp.Editor.csproj", "{7064150B-0602-BBC5-C1C3-7AD3E19F63B1}"
EndProject
Global
	GlobalSection(SolutionConfigurationPlatforms) = preSolution
		Debug|Any CPU = Debug|Any CPU
		Release|Any CPU = Release|Any CPU
	EndGlobalSection
	GlobalSection(ProjectConfigurationPlatforms) = postSolution
		{953534B1-3F3F-8063-BFBA-E830214C17B3}.Debug|Any CPU.ActiveCfg = Debug|Any CPU
		{953534B1-3F3F-8063-BFBA-E830214C17B3}.Debug|Any CPU.Build.0 = Debug|Any CPU
		{953534B1-3F3F-8063-BFBA-E830214C17B3}.Release|Any CPU.ActiveCfg = Release|Any CPU
		{953534B1-3F3F-8063-BFBA-E830214C17B3}.Release|Any CPU.Build.0 = Release|Any CPU
		{534F3EDB-159D-952C-9A07-46002FFFE4BD}.Debug|Any CPU.ActiveCfg = Debug|Any CPU
		{534F3EDB-159D-952C-9A07-46002FFFE4BD}.Debug|Any CPU.Build.0 = Debug|Any CPU
		{534F3EDB-159D-952C-9A07-46002FFFE4BD}.Release|Any CPU.ActiveCfg = Release|Any CPU
		{534F3EDB-159D-952C-9A07-46002FFFE4BD}.Release|Any CPU.Build.0 = Release|Any CPU
		{7064150B-0602-BBC5-C1C3-7AD3E19F63B1}.Debug|Any CPU.ActiveCfg = Debug|Any CPU
		{7064150B-0602-BBC5-C1C3-7AD3E19F63B1}.Debug|Any CPU.Build.0 = Debug|Any CPU
		{7064150B-0602-BBC5-C1C3-7AD3E19F63B1}.Release|Any CPU.ActiveCfg = Release|Any CPU
		{7064150B-0602-BBC5-C1C3-7AD3E19F63B1}.Release|Any CPU.Build.0 = Release|Any CPU
	EndGlobalSection
	GlobalSection(SolutionProperties) = preSolution
		HideSolutionNode = FALSE
	EndGlobalSection
EndGlobal
