
Microsoft Visual Studio Solution File, Format Version 12.00
# Visual Studio 2013
Project("{FAE04EC0-301F-11D3-BF4B-00C04F79EFBC}") = "xyhyGame.CSharp.Plugins", "xyhyGame.CSharp.Plugins.csproj", "{34FC9725-4010-E86A-A321-B45006474097}"
EndProject
Project("{FAE04EC0-301F-11D3-BF4B-00C04F79EFBC}") = "xyhyGame.CSharp", "xyhyGame.CSharp.csproj", "{85D52DA8-EF4E-A809-E7C7-FCF4BCD74383}"
EndProject
Project("{FAE04EC0-301F-11D3-BF4B-00C04F79EFBC}") = "xyhyGame.CSharp.Editor", "xyhyGame.CSharp.Editor.csproj", "{BDF97FF3-D432-8CF6-F40F-5809F30FCDBE}"
EndProject
Global
	GlobalSection(SolutionConfigurationPlatforms) = preSolution
		Debug|Any CPU = Debug|Any CPU
		Release|Any CPU = Release|Any CPU
	EndGlobalSection
	GlobalSection(ProjectConfigurationPlatforms) = postSolution
		{34FC9725-4010-E86A-A321-B45006474097}.Debug|Any CPU.ActiveCfg = Debug|Any CPU
		{34FC9725-4010-E86A-A321-B45006474097}.Debug|Any CPU.Build.0 = Debug|Any CPU
		{34FC9725-4010-E86A-A321-B45006474097}.Release|Any CPU.ActiveCfg = Release|Any CPU
		{34FC9725-4010-E86A-A321-B45006474097}.Release|Any CPU.Build.0 = Release|Any CPU
		{85D52DA8-EF4E-A809-E7C7-FCF4BCD74383}.Debug|Any CPU.ActiveCfg = Debug|Any CPU
		{85D52DA8-EF4E-A809-E7C7-FCF4BCD74383}.Debug|Any CPU.Build.0 = Debug|Any CPU
		{85D52DA8-EF4E-A809-E7C7-FCF4BCD74383}.Release|Any CPU.ActiveCfg = Release|Any CPU
		{85D52DA8-EF4E-A809-E7C7-FCF4BCD74383}.Release|Any CPU.Build.0 = Release|Any CPU
		{BDF97FF3-D432-8CF6-F40F-5809F30FCDBE}.Debug|Any CPU.ActiveCfg = Debug|Any CPU
		{BDF97FF3-D432-8CF6-F40F-5809F30FCDBE}.Debug|Any CPU.Build.0 = Debug|Any CPU
		{BDF97FF3-D432-8CF6-F40F-5809F30FCDBE}.Release|Any CPU.ActiveCfg = Release|Any CPU
		{BDF97FF3-D432-8CF6-F40F-5809F30FCDBE}.Release|Any CPU.Build.0 = Release|Any CPU
	EndGlobalSection
	GlobalSection(SolutionProperties) = preSolution
		HideSolutionNode = FALSE
	EndGlobalSection
EndGlobal
