
Microsoft Visual Studio Solution File, Format Version 12.00
# Visual Studio 2013
Project("{FAE04EC0-301F-11D3-BF4B-00C04F79EFBC}") = "xyhyGame_truck_01.CSharp.Plugins", "xyhyGame_truck_01.CSharp.Plugins.csproj", "{7EAB0E04-C10A-8DA9-09A9-F43851DD0A99}"
EndProject
Project("{FAE04EC0-301F-11D3-BF4B-00C04F79EFBC}") = "xyhyGame_truck_01.CSharp", "xyhyGame_truck_01.CSharp.csproj", "{ADA5878F-DDE7-A7BD-1767-64D9972385D6}"
EndProject
Project("{FAE04EC0-301F-11D3-BF4B-00C04F79EFBC}") = "xyhyGame_truck_01.CSharp.Editor", "xyhyGame_truck_01.CSharp.Editor.csproj", "{6D9C1F93-93BD-F024-8A5D-D06A4393F799}"
EndProject
Global
	GlobalSection(SolutionConfigurationPlatforms) = preSolution
		Debug|Any CPU = Debug|Any CPU
		Release|Any CPU = Release|Any CPU
	EndGlobalSection
	GlobalSection(ProjectConfigurationPlatforms) = postSolution
		{7EAB0E04-C10A-8DA9-09A9-F43851DD0A99}.Debug|Any CPU.ActiveCfg = Debug|Any CPU
		{7EAB0E04-C10A-8DA9-09A9-F43851DD0A99}.Debug|Any CPU.Build.0 = Debug|Any CPU
		{7EAB0E04-C10A-8DA9-09A9-F43851DD0A99}.Release|Any CPU.ActiveCfg = Release|Any CPU
		{7EAB0E04-C10A-8DA9-09A9-F43851DD0A99}.Release|Any CPU.Build.0 = Release|Any CPU
		{ADA5878F-DDE7-A7BD-1767-64D9972385D6}.Debug|Any CPU.ActiveCfg = Debug|Any CPU
		{ADA5878F-DDE7-A7BD-1767-64D9972385D6}.Debug|Any CPU.Build.0 = Debug|Any CPU
		{ADA5878F-DDE7-A7BD-1767-64D9972385D6}.Release|Any CPU.ActiveCfg = Release|Any CPU
		{ADA5878F-DDE7-A7BD-1767-64D9972385D6}.Release|Any CPU.Build.0 = Release|Any CPU
		{6D9C1F93-93BD-F024-8A5D-D06A4393F799}.Debug|Any CPU.ActiveCfg = Debug|Any CPU
		{6D9C1F93-93BD-F024-8A5D-D06A4393F799}.Debug|Any CPU.Build.0 = Debug|Any CPU
		{6D9C1F93-93BD-F024-8A5D-D06A4393F799}.Release|Any CPU.ActiveCfg = Release|Any CPU
		{6D9C1F93-93BD-F024-8A5D-D06A4393F799}.Release|Any CPU.Build.0 = Release|Any CPU
	EndGlobalSection
	GlobalSection(SolutionProperties) = preSolution
		HideSolutionNode = FALSE
	EndGlobalSection
EndGlobal
